{
  "name": "@wcd/nbamfordcirium.lion-issue-reproduction-fork-liqaob59",
  "version": "0.0.0",
  "lockfileVersion": 2,
  "requires": true,
  "packages": {
    "": {
      "name": "@wcd/nbamfordcirium.lion-issue-reproduction-fork-liqaob59",
      "version": "0.0.0",
      "dependencies": {
        "@lion/core": "^0.24.0",
        "@lion/tooltip": "^0.24.1"
      },
      "devDependencies": {
        "typescript": "^5.1.3"
      }
    },
    "node_modules/@lion/core": {
      "version": "0.24.0",
      "resolved": "https://registry.npmjs.org/@lion/core/-/core-0.24.0.tgz",
      "integrity": "sha512-hC5Fpi5U3PY0HOVycSev1jzoE8DYHFSN42s5gt6g6RlvvRYN5Pou0wtKnDOkOYf1UfjuL+T/4r8W99UFD1r/Eg==",
      "dependencies": {
        "@open-wc/dedupe-mixin": "^1.3.0",
        "@open-wc/scoped-elements": "^2.1.1",
        "lit": "^2.0.2"
      }
    },
    "node_modules/@lion/overlays": {
      "version": "0.33.2",
      "resolved": "https://registry.npmjs.org/@lion/overlays/-/overlays-0.33.2.tgz",
      "integrity": "sha512-xi6Jdj3QNfXO+bZ1GNS+9wZm4nZ7zwlY3Vqu4vNArV21lYM3/A6Vx/CbNPOjVVfhdvHvxR3RriVSLipI/YQMWA==",
      "dependencies": {
        "@lion/core": "^0.24.0",
        "@popperjs/core": "^2.5.4",
        "singleton-manager": "^1.5.0"
      }
    },
    "node_modules/@lion/tooltip": {
      "version": "0.24.1",
      "resolved": "https://registry.npmjs.org/@lion/tooltip/-/tooltip-0.24.1.tgz",
      "integrity": "sha512-HxulXL8k+1ziON+4XlI3id/yyJJ6xuz++Vh7wU1+Ses5OUrraRZRpr2OYVTu9/yrUio4S4+X3oe5j+vzXsSwKg==",
      "dependencies": {
        "@lion/core": "^0.24.0",
        "@lion/overlays": "^0.33.2"
      }
    },
    "node_modules/@lit-labs/ssr-dom-shim": {
      "version": "1.1.1",
      "resolved": "https://registry.npmjs.org/@lit-labs/ssr-dom-shim/-/ssr-dom-shim-1.1.1.tgz",
      "integrity": "sha512-kXOeFbfCm4fFf2A3WwVEeQj55tMZa8c8/f9AKHMobQMkzNUfUj+antR3fRPaZJawsa1aZiP/Da3ndpZrwEe4rQ=="
    },
    "node_modules/@lit/reactive-element": {
      "version": "1.6.2",
      "resolved": "https://registry.npmjs.org/@lit/reactive-element/-/reactive-element-1.6.2.tgz",
      "integrity": "sha512-rDfl+QnCYjuIGf5xI2sVJWdYIi56CTCwWa+nidKYX6oIuBYwUbT/vX4qbUDlHiZKJ/3FRNQ/tWJui44p6/stSA==",
      "dependencies": {
        "@lit-labs/ssr-dom-shim": "^1.0.0"
      }
    },
    "node_modules/@open-wc/dedupe-mixin": {
      "version": "1.4.0",
      "resolved": "https://registry.npmjs.org/@open-wc/dedupe-mixin/-/dedupe-mixin-1.4.0.tgz",
      "integrity": "sha512-Sj7gKl1TLcDbF7B6KUhtvr+1UCxdhMbNY5KxdU5IfMFWqL8oy1ZeAcCANjoB1TL0AJTcPmcCFsCbHf8X2jGDUA=="
    },
    "node_modules/@open-wc/scoped-elements": {
      "version": "2.2.0",
      "resolved": "https://registry.npmjs.org/@open-wc/scoped-elements/-/scoped-elements-2.2.0.tgz",
      "integrity": "sha512-Qe+vWsuVHFzUkdChwlmJGuQf9cA3I+QOsSHULV/6qf6wsqLM2/32svNRH+rbBIMwiPEwzZprZlkvkqQRucYnVA==",
      "dependencies": {
        "@lit/reactive-element": "^1.0.0",
        "@open-wc/dedupe-mixin": "^1.4.0"
      }
    },
    "node_modules/@popperjs/core": {
      "version": "2.11.8",
      "resolved": "https://registry.npmjs.org/@popperjs/core/-/core-2.11.8.tgz",
      "integrity": "sha512-P1st0aksCrn9sGZhp8GMYwBnQsbvAWsZAX44oXNNvLHGqAOcoVxmjZiohstwQ7SqKnbR47akdNi+uleWD8+g6A==",
      "funding": {
        "type": "opencollective",
        "url": "https://opencollective.com/popperjs"
      }
    },
    "node_modules/@types/trusted-types": {
      "version": "2.0.3",
      "resolved": "https://registry.npmjs.org/@types/trusted-types/-/trusted-types-2.0.3.tgz",
      "integrity": "sha512-NfQ4gyz38SL8sDNrSixxU2Os1a5xcdFxipAFxYEuLUlvU2uDwS4NUpsImcf1//SlWItCVMMLiylsxbmNMToV/g=="
    },
    "node_modules/lit": {
      "version": "2.7.5",
      "resolved": "https://registry.npmjs.org/lit/-/lit-2.7.5.tgz",
      "integrity": "sha512-i/cH7Ye6nBDUASMnfwcictBnsTN91+aBjXoTHF2xARghXScKxpD4F4WYI+VLXg9lqbMinDfvoI7VnZXjyHgdfQ==",
      "dependencies": {
        "@lit/reactive-element": "^1.6.0",
        "lit-element": "^3.3.0",
        "lit-html": "^2.7.0"
      }
    },
    "node_modules/lit-element": {
      "version": "3.3.2",
      "resolved": "https://registry.npmjs.org/lit-element/-/lit-element-3.3.2.tgz",
      "integrity": "sha512-xXAeVWKGr4/njq0rGC9dethMnYCq5hpKYrgQZYTzawt9YQhMiXfD+T1RgrdY3NamOxwq2aXlb0vOI6e29CKgVQ==",
      "dependencies": {
        "@lit-labs/ssr-dom-shim": "^1.1.0",
        "@lit/reactive-element": "^1.3.0",
        "lit-html": "^2.7.0"
      }
    },
    "node_modules/lit-html": {
      "version": "2.7.4",
      "resolved": "https://registry.npmjs.org/lit-html/-/lit-html-2.7.4.tgz",
      "integrity": "sha512-/Jw+FBpeEN+z8X6PJva5n7+0MzCVAH2yypN99qHYYkq8bI+j7I39GH+68Z/MZD6rGKDK9RpzBw7CocfmHfq6+g==",
      "dependencies": {
        "@types/trusted-types": "^2.0.2"
      }
    },
    "node_modules/singleton-manager": {
      "version": "1.6.1",
      "resolved": "https://registry.npmjs.org/singleton-manager/-/singleton-manager-1.6.1.tgz",
      "integrity": "sha512-QBCnYcpgfoXB7oTyyjgoGV7Dkw7Kz7ZppHvoMmn0UMmHj377sD+gB/VzrDU7ze64sfySZGWS9UKxej99faChfA=="
    },
    "node_modules/typescript": {
      "version": "5.1.3",
      "resolved": "https://registry.npmjs.org/typescript/-/typescript-5.1.3.tgz",
      "integrity": "sha512-XH627E9vkeqhlZFQuL+UsyAXEnibT0kWR2FWONlr4sTjvxyJYnyefgrkyECLzM5NenmKzRAy2rR/OlYLA1HkZw==",
      "dev": true,
      "bin": {
        "tsc": "bin/tsc",
        "tsserver": "bin/tsserver"
      },
      "engines": {
        "node": ">=14.17"
      }
    }
  },
  "dependencies": {
    "@lion/core": {
      "version": "0.24.0",
      "resolved": "https://registry.npmjs.org/@lion/core/-/core-0.24.0.tgz",
      "integrity": "sha512-hC5Fpi5U3PY0HOVycSev1jzoE8DYHFSN42s5gt6g6RlvvRYN5Pou0wtKnDOkOYf1UfjuL+T/4r8W99UFD1r/Eg==",
      "requires": {
        "@open-wc/dedupe-mixin": "^1.3.0",
        "@open-wc/scoped-elements": "^2.1.1",
        "lit": "^2.0.2"
      }
    },
    "@lion/overlays": {
      "version": "0.33.2",
      "resolved": "https://registry.npmjs.org/@lion/overlays/-/overlays-0.33.2.tgz",
      "integrity": "sha512-xi6Jdj3QNfXO+bZ1GNS+9wZm4nZ7zwlY3Vqu4vNArV21lYM3/A6Vx/CbNPOjVVfhdvHvxR3RriVSLipI/YQMWA==",
      "requires": {
        "@lion/core": "^0.24.0",
        "@popperjs/core": "^2.5.4",
        "singleton-manager": "^1.5.0"
      }
    },
    "@lion/tooltip": {
      "version": "0.24.1",
      "resolved": "https://registry.npmjs.org/@lion/tooltip/-/tooltip-0.24.1.tgz",
      "integrity": "sha512-HxulXL8k+1ziON+4XlI3id/yyJJ6xuz++Vh7wU1+Ses5OUrraRZRpr2OYVTu9/yrUio4S4+X3oe5j+vzXsSwKg==",
      "requires": {
        "@lion/core": "^0.24.0",
        "@lion/overlays": "^0.33.2"
      }
    },
    "@lit-labs/ssr-dom-shim": {
      "version": "1.1.1",
      "resolved": "https://registry.npmjs.org/@lit-labs/ssr-dom-shim/-/ssr-dom-shim-1.1.1.tgz",
      "integrity": "sha512-kXOeFbfCm4fFf2A3WwVEeQj55tMZa8c8/f9AKHMobQMkzNUfUj+antR3fRPaZJawsa1aZiP/Da3ndpZrwEe4rQ=="
    },
    "@lit/reactive-element": {
      "version": "1.6.2",
      "resolved": "https://registry.npmjs.org/@lit/reactive-element/-/reactive-element-1.6.2.tgz",
      "integrity": "sha512-rDfl+QnCYjuIGf5xI2sVJWdYIi56CTCwWa+nidKYX6oIuBYwUbT/vX4qbUDlHiZKJ/3FRNQ/tWJui44p6/stSA==",
      "requires": {
        "@lit-labs/ssr-dom-shim": "^1.0.0"
      }
    },
    "@open-wc/dedupe-mixin": {
      "version": "1.4.0",
      "resolved": "https://registry.npmjs.org/@open-wc/dedupe-mixin/-/dedupe-mixin-1.4.0.tgz",
      "integrity": "sha512-Sj7gKl1TLcDbF7B6KUhtvr+1UCxdhMbNY5KxdU5IfMFWqL8oy1ZeAcCANjoB1TL0AJTcPmcCFsCbHf8X2jGDUA=="
    },
    "@open-wc/scoped-elements": {
      "version": "2.2.0",
      "resolved": "https://registry.npmjs.org/@open-wc/scoped-elements/-/scoped-elements-2.2.0.tgz",
      "integrity": "sha512-Qe+vWsuVHFzUkdChwlmJGuQf9cA3I+QOsSHULV/6qf6wsqLM2/32svNRH+rbBIMwiPEwzZprZlkvkqQRucYnVA==",
      "requires": {
        "@lit/reactive-element": "^1.0.0",
        "@open-wc/dedupe-mixin": "^1.4.0"
      }
    },
    "@popperjs/core": {
      "version": "2.11.8",
      "resolved": "https://registry.npmjs.org/@popperjs/core/-/core-2.11.8.tgz",
      "integrity": "sha512-P1st0aksCrn9sGZhp8GMYwBnQsbvAWsZAX44oXNNvLHGqAOcoVxmjZiohstwQ7SqKnbR47akdNi+uleWD8+g6A=="
    },
    "@types/trusted-types": {
      "version": "2.0.3",
      "resolved": "https://registry.npmjs.org/@types/trusted-types/-/trusted-types-2.0.3.tgz",
      "integrity": "sha512-NfQ4gyz38SL8sDNrSixxU2Os1a5xcdFxipAFxYEuLUlvU2uDwS4NUpsImcf1//SlWItCVMMLiylsxbmNMToV/g=="
    },
    "lit": {
      "version": "2.7.5",
      "resolved": "https://registry.npmjs.org/lit/-/lit-2.7.5.tgz",
      "integrity": "sha512-i/cH7Ye6nBDUASMnfwcictBnsTN91+aBjXoTHF2xARghXScKxpD4F4WYI+VLXg9lqbMinDfvoI7VnZXjyHgdfQ==",
      "requires": {
        "@lit/reactive-element": "^1.6.0",
        "lit-element": "^3.3.0",
        "lit-html": "^2.7.0"
      }
    },
    "lit-element": {
      "version": "3.3.2",
      "resolved": "https://registry.npmjs.org/lit-element/-/lit-element-3.3.2.tgz",
      "integrity": "sha512-xXAeVWKGr4/njq0rGC9dethMnYCq5hpKYrgQZYTzawt9YQhMiXfD+T1RgrdY3NamOxwq2aXlb0vOI6e29CKgVQ==",
      "requires": {
        "@lit-labs/ssr-dom-shim": "^1.1.0",
        "@lit/reactive-element": "^1.3.0",
        "lit-html": "^2.7.0"
      }
    },
    "lit-html": {
      "version": "2.7.4",
      "resolved": "https://registry.npmjs.org/lit-html/-/lit-html-2.7.4.tgz",
      "integrity": "sha512-/Jw+FBpeEN+z8X6PJva5n7+0MzCVAH2yypN99qHYYkq8bI+j7I39GH+68Z/MZD6rGKDK9RpzBw7CocfmHfq6+g==",
      "requires": {
        "@types/trusted-types": "^2.0.2"
      }
    },
    "singleton-manager": {
      "version": "1.6.1",
      "resolved": "https://registry.npmjs.org/singleton-manager/-/singleton-manager-1.6.1.tgz",
      "integrity": "sha512-QBCnYcpgfoXB7oTyyjgoGV7Dkw7Kz7ZppHvoMmn0UMmHj377sD+gB/VzrDU7ze64sfySZGWS9UKxej99faChfA=="
    },
    "typescript": {
      "version": "5.1.3",
      "resolved": "https://registry.npmjs.org/typescript/-/typescript-5.1.3.tgz",
      "integrity": "sha512-XH627E9vkeqhlZFQuL+UsyAXEnibT0kWR2FWONlr4sTjvxyJYnyefgrkyECLzM5NenmKzRAy2rR/OlYLA1HkZw==",
      "dev": true
    }
  }
}
